
Microsoft Visual Studio Solution File, Format Version 12.00
# Visual Studio Version 16
VisualStudioVersion = 16.0.29728.190
MinimumVisualStudioVersion = 15.0.26124.0
Project("{2150E333-8FDC-42A3-9474-1A3956D46DE8}") = "Solution Items", "Solution Items", "{1222FBF2-B084-4A4E-B0AB-0C35204F2159}"
	ProjectSection(SolutionItems) = preProject
		Scripts\InstallAppium.bat = Scripts\InstallAppium.bat
		README.md = README.md
		Scripts\SetupMachine.bat = Scripts\SetupMachine.bat
	EndProjectSection
EndProject
Project("{9A19103F-16F7-4668-BE54-9A1E7A4F7556}") = "Framework", "Framework\Framework.csproj", "{84FF99EB-913C-421E-B168-29542FFE19C1}"
EndProject
Project("{9A19103F-16F7-4668-BE54-9A1E7A4F7556}") = "Desktop.Tests", "Desktop.Tests\Desktop.Tests.csproj", "{254433CE-ACC0-45B3-B618-B9A080413E8C}"
EndProject
Project("{FAE04EC0-301F-11D3-BF4B-00C04F79EFBC}") = "Desktop.WinForms", "Desktop.WinForms\Desktop.WinForms.csproj", "{2F798096-C443-468E-BA10-9C0D06EDBBF1}"
EndProject
Global
	GlobalSection(SolutionConfigurationPlatforms) = preSolution
		Debug|Any CPU = Debug|Any CPU
		Debug|x64 = Debug|x64
		Debug|x86 = Debug|x86
		Release|Any CPU = Release|Any CPU
		Release|x64 = Release|x64
		Release|x86 = Release|x86
	EndGlobalSection
	GlobalSection(ProjectConfigurationPlatforms) = postSolution
		{84FF99EB-913C-421E-B168-29542FFE19C1}.Debug|Any CPU.ActiveCfg = Debug|Any CPU
		{84FF99EB-913C-421E-B168-29542FFE19C1}.Debug|Any CPU.Build.0 = Debug|Any CPU
		{84FF99EB-913C-421E-B168-29542FFE19C1}.Debug|x64.ActiveCfg = Debug|Any CPU
		{84FF99EB-913C-421E-B168-29542FFE19C1}.Debug|x64.Build.0 = Debug|Any CPU
		{84FF99EB-913C-421E-B168-29542FFE19C1}.Debug|x86.ActiveCfg = Debug|Any CPU
		{84FF99EB-913C-421E-B168-29542FFE19C1}.Debug|x86.Build.0 = Debug|Any CPU
		{84FF99EB-913C-421E-B168-29542FFE19C1}.Release|Any CPU.ActiveCfg = Release|Any CPU
		{84FF99EB-913C-421E-B168-29542FFE19C1}.Release|Any CPU.Build.0 = Release|Any CPU
		{84FF99EB-913C-421E-B168-29542FFE19C1}.Release|x64.ActiveCfg = Release|Any CPU
		{84FF99EB-913C-421E-B168-29542FFE19C1}.Release|x64.Build.0 = Release|Any CPU
		{84FF99EB-913C-421E-B168-29542FFE19C1}.Release|x86.ActiveCfg = Release|Any CPU
		{84FF99EB-913C-421E-B168-29542FFE19C1}.Release|x86.Build.0 = Release|Any CPU
		{254433CE-ACC0-45B3-B618-B9A080413E8C}.Debug|Any CPU.ActiveCfg = Debug|Any CPU
		{254433CE-ACC0-45B3-B618-B9A080413E8C}.Debug|Any CPU.Build.0 = Debug|Any CPU
		{254433CE-ACC0-45B3-B618-B9A080413E8C}.Debug|x64.ActiveCfg = Debug|Any CPU
		{254433CE-ACC0-45B3-B618-B9A080413E8C}.Debug|x64.Build.0 = Debug|Any CPU
		{254433CE-ACC0-45B3-B618-B9A080413E8C}.Debug|x86.ActiveCfg = Debug|Any CPU
		{254433CE-ACC0-45B3-B618-B9A080413E8C}.Debug|x86.Build.0 = Debug|Any CPU
		{254433CE-ACC0-45B3-B618-B9A080413E8C}.Release|Any CPU.ActiveCfg = Release|Any CPU
		{254433CE-ACC0-45B3-B618-B9A080413E8C}.Release|Any CPU.Build.0 = Release|Any CPU
		{254433CE-ACC0-45B3-B618-B9A080413E8C}.Release|x64.ActiveCfg = Release|Any CPU
		{254433CE-ACC0-45B3-B618-B9A080413E8C}.Release|x64.Build.0 = Release|Any CPU
		{254433CE-ACC0-45B3-B618-B9A080413E8C}.Release|x86.ActiveCfg = Release|Any CPU
		{254433CE-ACC0-45B3-B618-B9A080413E8C}.Release|x86.Build.0 = Release|Any CPU
		{2F798096-C443-468E-BA10-9C0D06EDBBF1}.Debug|Any CPU.ActiveCfg = Debug|Any CPU
		{2F798096-C443-468E-BA10-9C0D06EDBBF1}.Debug|Any CPU.Build.0 = Debug|Any CPU
		{2F798096-C443-468E-BA10-9C0D06EDBBF1}.Debug|x64.ActiveCfg = Debug|Any CPU
		{2F798096-C443-468E-BA10-9C0D06EDBBF1}.Debug|x64.Build.0 = Debug|Any CPU
		{2F798096-C443-468E-BA10-9C0D06EDBBF1}.Debug|x86.ActiveCfg = Debug|Any CPU
		{2F798096-C443-468E-BA10-9C0D06EDBBF1}.Debug|x86.Build.0 = Debug|Any CPU
		{2F798096-C443-468E-BA10-9C0D06EDBBF1}.Release|Any CPU.ActiveCfg = Release|Any CPU
		{2F798096-C443-468E-BA10-9C0D06EDBBF1}.Release|Any CPU.Build.0 = Release|Any CPU
		{2F798096-C443-468E-BA10-9C0D06EDBBF1}.Release|x64.ActiveCfg = Release|Any CPU
		{2F798096-C443-468E-BA10-9C0D06EDBBF1}.Release|x64.Build.0 = Release|Any CPU
		{2F798096-C443-468E-BA10-9C0D06EDBBF1}.Release|x86.ActiveCfg = Release|Any CPU
		{2F798096-C443-468E-BA10-9C0D06EDBBF1}.Release|x86.Build.0 = Release|Any CPU
	EndGlobalSection
	GlobalSection(SolutionProperties) = preSolution
		HideSolutionNode = FALSE
	EndGlobalSection
	GlobalSection(ExtensibilityGlobals) = postSolution
		SolutionGuid = {7FE5A162-2F98-4023-BF68-CB88D444157D}
	EndGlobalSection
EndGlobal
